
Microsoft Visual Studio Solution File, Format Version 12.00
# Visual Studio 14
VisualStudioVersion = 14.0.25420.1
MinimumVisualStudioVersion = 10.0.40219.1
Project("{8BC9CEB8-8B4A-11D0-8D11-00A0C91BC942}") = "a-star-pathfinding", "a-star-pathfinding\a-star-pathfinding.vcxproj", "{7FDF988B-A057-4F5E-BB31-30949C92A5FD}"
EndProject
Project("{8BC9CEB8-8B4A-11D0-8D11-00A0C91BC942}") = "a-star-pathfinding-test", "a-star-pathfinding-test\a-star-pathfinding-test.vcxproj", "{725FA2A2-B1FD-46F7-9D16-C32A1BB5BE1C}"
EndProject
Global
	GlobalSection(SolutionConfigurationPlatforms) = preSolution
		Debug|x64 = Debug|x64
		Debug|x86 = Debug|x86
		Release|x64 = Release|x64
		Release|x86 = Release|x86
	EndGlobalSection
	GlobalSection(ProjectConfigurationPlatforms) = postSolution
		{7FDF988B-A057-4F5E-BB31-30949C92A5FD}.Debug|x64.ActiveCfg = Debug|x64
		{7FDF988B-A057-4F5E-BB31-30949C92A5FD}.Debug|x64.Build.0 = Debug|x64
		{7FDF988B-A057-4F5E-BB31-30949C92A5FD}.Debug|x86.ActiveCfg = Debug|Win32
		{7FDF988B-A057-4F5E-BB31-30949C92A5FD}.Debug|x86.Build.0 = Debug|Win32
		{7FDF988B-A057-4F5E-BB31-30949C92A5FD}.Release|x64.ActiveCfg = Release|x64
		{7FDF988B-A057-4F5E-BB31-30949C92A5FD}.Release|x64.Build.0 = Release|x64
		{7FDF988B-A057-4F5E-BB31-30949C92A5FD}.Release|x86.ActiveCfg = Release|Win32
		{7FDF988B-A057-4F5E-BB31-30949C92A5FD}.Release|x86.Build.0 = Release|Win32
		{725FA2A2-B1FD-46F7-9D16-C32A1BB5BE1C}.Debug|x64.ActiveCfg = Debug|x64
		{725FA2A2-B1FD-46F7-9D16-C32A1BB5BE1C}.Debug|x64.Build.0 = Debug|x64
		{725FA2A2-B1FD-46F7-9D16-C32A1BB5BE1C}.Debug|x86.ActiveCfg = Debug|Win32
		{725FA2A2-B1FD-46F7-9D16-C32A1BB5BE1C}.Debug|x86.Build.0 = Debug|Win32
		{725FA2A2-B1FD-46F7-9D16-C32A1BB5BE1C}.Release|x64.ActiveCfg = Release|x64
		{725FA2A2-B1FD-46F7-9D16-C32A1BB5BE1C}.Release|x64.Build.0 = Release|x64
		{725FA2A2-B1FD-46F7-9D16-C32A1BB5BE1C}.Release|x86.ActiveCfg = Release|Win32
		{725FA2A2-B1FD-46F7-9D16-C32A1BB5BE1C}.Release|x86.Build.0 = Release|Win32
	EndGlobalSection
	GlobalSection(SolutionProperties) = preSolution
		HideSolutionNode = FALSE
	EndGlobalSection
EndGlobal
